// !$*UTF8*$!
{
	archiveVersion = 1;
	classes = {
	};
	objectVersion = 46;
	objects = {

/* Begin PBXBuildFile section */
		E80CE01F1EA1811E00347D7B /* libZeeQL.dylib in Frameworks */ = {isa = PBXBuildFile; fileRef = E80CE01E1EA1811E00347D7B /* libZeeQL.dylib */; };
		E80CE0221EA1871900347D7B /* PostgreSQLModelTests.swift in Sources */ = {isa = PBXBuildFile; fileRef = E80CE0211EA1871900347D7B /* PostgreSQLModelTests.swift */; };
		E80CE0241EA1897400347D7B /* PostgreSQLModelFetch.swift in Sources */ = {isa = PBXBuildFile; fileRef = E80CE0231EA1897400347D7B /* PostgreSQLModelFetch.swift */; };
		E870FC391E9BA1E800A038AF /* PostgreSQLAdaptor.swift in Sources */ = {isa = PBXBuildFile; fileRef = E870FC361E9BA1E800A038AF /* PostgreSQLAdaptor.swift */; };
		E870FC3A1E9BA1E800A038AF /* PostgreSQLAdaptorChannel.swift in Sources */ = {isa = PBXBuildFile; fileRef = E870FC371E9BA1E800A038AF /* PostgreSQLAdaptorChannel.swift */; };
		E870FC3B1E9BA1E800A038AF /* PostgreSQLExpression.swift in Sources */ = {isa = PBXBuildFile; fileRef = E870FC381E9BA1E800A038AF /* PostgreSQLExpression.swift */; };
		E870FC411E9BA1F700A038AF /* AdaptorOGoTestCase.swift in Sources */ = {isa = PBXBuildFile; fileRef = E870FC3D1E9BA1F700A038AF /* AdaptorOGoTestCase.swift */; };
		E870FC431E9BA1F700A038AF /* PostgreSQLAdaptorOGoTests.swift in Sources */ = {isa = PBXBuildFile; fileRef = E870FC3F1E9BA1F700A038AF /* PostgreSQLAdaptorOGoTests.swift */; };
		E870FC441E9BA1F700A038AF /* PostgreSQLSQLExpressionTests.swift in Sources */ = {isa = PBXBuildFile; fileRef = E870FC401E9BA1F700A038AF /* PostgreSQLSQLExpressionTests.swift */; };
		E870FC6B1E9BDDFC00A038AF /* PostgreSQLOIDs.swift in Sources */ = {isa = PBXBuildFile; fileRef = E870FC6A1E9BDDFC00A038AF /* PostgreSQLOIDs.swift */; };
		E8A835071ECDCF6300CCDD82 /* AdaptorActiveRecordTestCase.swift in Sources */ = {isa = PBXBuildFile; fileRef = E8A835061ECDCF6300CCDD82 /* AdaptorActiveRecordTestCase.swift */; };
		E8A8350A1ECDCF6D00CCDD82 /* ContactsDBModel.swift in Sources */ = {isa = PBXBuildFile; fileRef = E8A835081ECDCF6D00CCDD82 /* ContactsDBModel.swift */; };
		E8A8350B1ECDCF6D00CCDD82 /* PostgreSQLActiveRecordTests.swift in Sources */ = {isa = PBXBuildFile; fileRef = E8A835091ECDCF6D00CCDD82 /* PostgreSQLActiveRecordTests.swift */; };
		E8D95FC91E91A7AD0072FF09 /* libZeeQL.dylib in Frameworks */ = {isa = PBXBuildFile; fileRef = E8D95FC81E91A7AD0072FF09 /* libZeeQL.dylib */; };
		E8DDEE2C1E5FA12C00EC1DD8 /* libPostgreSQLAdaptor.dylib in Frameworks */ = {isa = PBXBuildFile; fileRef = E8EB94CD1E5F32360058D8D1 /* libPostgreSQLAdaptor.dylib */; };
/* End PBXBuildFile section */

/* Begin PBXContainerItemProxy section */
		E8DDEE2D1E5FA12C00EC1DD8 /* PBXContainerItemProxy */ = {
			isa = PBXContainerItemProxy;
			containerPortal = E8D2794B1E5504FA00453BBE /* Project object */;
			proxyType = 1;
			remoteGlobalIDString = E8EB94CC1E5F32360058D8D1;
			remoteInfo = APRAdaptor;
		};
/* End PBXContainerItemProxy section */

/* Begin PBXFileReference section */
		E808F4401E926BD100022CE9 /* Package.swift */ = {isa = PBXFileReference; lastKnownFileType = sourcecode.swift; path = Package.swift; sourceTree = "<group>"; };
		E80CE01E1EA1811E00347D7B /* libZeeQL.dylib */ = {isa = PBXFileReference; lastKnownFileType = "compiled.mach-o.dylib"; name = libZeeQL.dylib; path = "../../../../../../private/tmp/DerivedData/Samples-cojpcxfuvlchxdgxljebsbkvpqxf/Build/Products/Debug/libZeeQL.dylib"; sourceTree = "<group>"; };
		E80CE0201EA181F000347D7B /* SwiftShared.xcconfig */ = {isa = PBXFileReference; lastKnownFileType = text.xcconfig; name = SwiftShared.xcconfig; path = xcconfig/SwiftShared.xcconfig; sourceTree = "<group>"; };
		E80CE0211EA1871900347D7B /* PostgreSQLModelTests.swift */ = {isa = PBXFileReference; fileEncoding = 4; lastKnownFileType = sourcecode.swift; path = PostgreSQLModelTests.swift; sourceTree = "<group>"; };
		E80CE0231EA1897400347D7B /* PostgreSQLModelFetch.swift */ = {isa = PBXFileReference; fileEncoding = 4; lastKnownFileType = sourcecode.swift; name = PostgreSQLModelFetch.swift; path = PostgreSQLAdaptor/PostgreSQLModelFetch.swift; sourceTree = "<group>"; };
		E870FC361E9BA1E800A038AF /* PostgreSQLAdaptor.swift */ = {isa = PBXFileReference; fileEncoding = 4; lastKnownFileType = sourcecode.swift; name = PostgreSQLAdaptor.swift; path = PostgreSQLAdaptor/PostgreSQLAdaptor.swift; sourceTree = "<group>"; };
		E870FC371E9BA1E800A038AF /* PostgreSQLAdaptorChannel.swift */ = {isa = PBXFileReference; fileEncoding = 4; lastKnownFileType = sourcecode.swift; name = PostgreSQLAdaptorChannel.swift; path = PostgreSQLAdaptor/PostgreSQLAdaptorChannel.swift; sourceTree = "<group>"; };
		E870FC381E9BA1E800A038AF /* PostgreSQLExpression.swift */ = {isa = PBXFileReference; fileEncoding = 4; lastKnownFileType = sourcecode.swift; name = PostgreSQLExpression.swift; path = PostgreSQLAdaptor/PostgreSQLExpression.swift; sourceTree = "<group>"; };
		E870FC3D1E9BA1F700A038AF /* AdaptorOGoTestCase.swift */ = {isa = PBXFileReference; fileEncoding = 4; lastKnownFileType = sourcecode.swift; path = AdaptorOGoTestCase.swift; sourceTree = "<group>"; };
		E870FC3E1E9BA1F700A038AF /* Info.plist */ = {isa = PBXFileReference; fileEncoding = 4; lastKnownFileType = text.plist.xml; path = Info.plist; sourceTree = "<group>"; };
		E870FC3F1E9BA1F700A038AF /* PostgreSQLAdaptorOGoTests.swift */ = {isa = PBXFileReference; fileEncoding = 4; lastKnownFileType = sourcecode.swift; path = PostgreSQLAdaptorOGoTests.swift; sourceTree = "<group>"; };
		E870FC401E9BA1F700A038AF /* PostgreSQLSQLExpressionTests.swift */ = {isa = PBXFileReference; fileEncoding = 4; lastKnownFileType = sourcecode.swift; path = PostgreSQLSQLExpressionTests.swift; sourceTree = "<group>"; };
		E870FC631E9BB30900A038AF /* module.modulemap */ = {isa = PBXFileReference; lastKnownFileType = "sourcecode.module-map"; path = module.modulemap; sourceTree = "<group>"; };
		E870FC641E9BB30900A038AF /* module.private.modulemap */ = {isa = PBXFileReference; lastKnownFileType = "sourcecode.module-map"; path = module.private.modulemap; sourceTree = "<group>"; };
		E870FC6A1E9BDDFC00A038AF /* PostgreSQLOIDs.swift */ = {isa = PBXFileReference; fileEncoding = 4; lastKnownFileType = sourcecode.swift; name = PostgreSQLOIDs.swift; path = PostgreSQLAdaptor/PostgreSQLOIDs.swift; sourceTree = "<group>"; };
		E8A835061ECDCF6300CCDD82 /* AdaptorActiveRecordTestCase.swift */ = {isa = PBXFileReference; fileEncoding = 4; lastKnownFileType = sourcecode.swift; path = AdaptorActiveRecordTestCase.swift; sourceTree = "<group>"; };
		E8A835081ECDCF6D00CCDD82 /* ContactsDBModel.swift */ = {isa = PBXFileReference; fileEncoding = 4; lastKnownFileType = sourcecode.swift; path = ContactsDBModel.swift; sourceTree = "<group>"; };
		E8A835091ECDCF6D00CCDD82 /* PostgreSQLActiveRecordTests.swift */ = {isa = PBXFileReference; fileEncoding = 4; lastKnownFileType = sourcecode.swift; path = PostgreSQLActiveRecordTests.swift; sourceTree = "<group>"; };
		E8CF06451E645B68008E5847 /* README.md */ = {isa = PBXFileReference; lastKnownFileType = net.daringfireball.markdown; path = README.md; sourceTree = "<group>"; };
		E8D279721E5505DE00453BBE /* Base.xcconfig */ = {isa = PBXFileReference; lastKnownFileType = text.xcconfig; name = Base.xcconfig; path = xcconfig/Base.xcconfig; sourceTree = "<group>"; };
		E8D95FC81E91A7AD0072FF09 /* libZeeQL.dylib */ = {isa = PBXFileReference; lastKnownFileType = "compiled.mach-o.dylib"; name = libZeeQL.dylib; path = ../ZeeQL/build/Debug/libZeeQL.dylib; sourceTree = "<group>"; };
		E8DDEE271E5FA12C00EC1DD8 /* PostgreSQLAdaptorTests.xctest */ = {isa = PBXFileReference; explicitFileType = wrapper.cfbundle; includeInIndex = 0; path = PostgreSQLAdaptorTests.xctest; sourceTree = BUILT_PRODUCTS_DIR; };
		E8EB94CD1E5F32360058D8D1 /* libPostgreSQLAdaptor.dylib */ = {isa = PBXFileReference; explicitFileType = "compiled.mach-o.dylib"; includeInIndex = 0; path = libPostgreSQLAdaptor.dylib; sourceTree = BUILT_PRODUCTS_DIR; };
/* End PBXFileReference section */

/* Begin PBXFrameworksBuildPhase section */
		E8DDEE241E5FA12C00EC1DD8 /* Frameworks */ = {
			isa = PBXFrameworksBuildPhase;
			buildActionMask = 2147483647;
			files = (
				E80CE01F1EA1811E00347D7B /* libZeeQL.dylib in Frameworks */,
				E8DDEE2C1E5FA12C00EC1DD8 /* libPostgreSQLAdaptor.dylib in Frameworks */,
			);
			runOnlyForDeploymentPostprocessing = 0;
		};
		E8EB94CA1E5F32360058D8D1 /* Frameworks */ = {
			isa = PBXFrameworksBuildPhase;
			buildActionMask = 2147483647;
			files = (
				E8D95FC91E91A7AD0072FF09 /* libZeeQL.dylib in Frameworks */,
			);
			runOnlyForDeploymentPostprocessing = 0;
		};
/* End PBXFrameworksBuildPhase section */

/* Begin PBXGroup section */
		E870FC341E9BA1E800A038AF /* Sources */ = {
			isa = PBXGroup;
			children = (
				E870FC361E9BA1E800A038AF /* PostgreSQLAdaptor.swift */,
				E870FC371E9BA1E800A038AF /* PostgreSQLAdaptorChannel.swift */,
				E870FC381E9BA1E800A038AF /* PostgreSQLExpression.swift */,
				E870FC6A1E9BDDFC00A038AF /* PostgreSQLOIDs.swift */,
				E80CE0231EA1897400347D7B /* PostgreSQLModelFetch.swift */,
			);
			path = Sources;
			sourceTree = "<group>";
		};
		E870FC3C1E9BA1F700A038AF /* PostgreSQLAdaptorTests */ = {
			isa = PBXGroup;
			children = (
				E870FC3E1E9BA1F700A038AF /* Info.plist */,
				E8A835051ECDCF3700CCDD82 /* Generic */,
				E870FC3F1E9BA1F700A038AF /* PostgreSQLAdaptorOGoTests.swift */,
				E870FC401E9BA1F700A038AF /* PostgreSQLSQLExpressionTests.swift */,
				E80CE0211EA1871900347D7B /* PostgreSQLModelTests.swift */,
				E8A835091ECDCF6D00CCDD82 /* PostgreSQLActiveRecordTests.swift */,
				E8A835081ECDCF6D00CCDD82 /* ContactsDBModel.swift */,
			);
			path = PostgreSQLAdaptorTests;
			sourceTree = "<group>";
		};
		E870FC611E9BB30900A038AF /* CLibPQ */ = {
			isa = PBXGroup;
			children = (
				E870FC621E9BB30900A038AF /* brew */,
			);
			path = CLibPQ;
			sourceTree = "<group>";
		};
		E870FC621E9BB30900A038AF /* brew */ = {
			isa = PBXGroup;
			children = (
				E870FC631E9BB30900A038AF /* module.modulemap */,
				E870FC641E9BB30900A038AF /* module.private.modulemap */,
			);
			path = brew;
			sourceTree = "<group>";
		};
		E8A835051ECDCF3700CCDD82 /* Generic */ = {
			isa = PBXGroup;
			children = (
				E870FC3D1E9BA1F700A038AF /* AdaptorOGoTestCase.swift */,
				E8A835061ECDCF6300CCDD82 /* AdaptorActiveRecordTestCase.swift */,
			);
			name = Generic;
			sourceTree = "<group>";
		};
		E8D2794A1E5504FA00453BBE = {
			isa = PBXGroup;
			children = (
				E8CF06451E645B68008E5847 /* README.md */,
				E808F4401E926BD100022CE9 /* Package.swift */,
				E870FC341E9BA1E800A038AF /* Sources */,
				E870FC611E9BB30900A038AF /* CLibPQ */,
				E8D279671E55059800453BBE /* Tests */,
				E8D279711E5505D100453BBE /* Configurations */,
				E8D279541E5504FA00453BBE /* Products */,
				E8D95FC71E91A7AD0072FF09 /* Frameworks */,
			);
			sourceTree = "<group>";
		};
		E8D279541E5504FA00453BBE /* Products */ = {
			isa = PBXGroup;
			children = (
				E8EB94CD1E5F32360058D8D1 /* libPostgreSQLAdaptor.dylib */,
				E8DDEE271E5FA12C00EC1DD8 /* PostgreSQLAdaptorTests.xctest */,
			);
			name = Products;
			sourceTree = "<group>";
		};
		E8D279671E55059800453BBE /* Tests */ = {
			isa = PBXGroup;
			children = (
				E870FC3C1E9BA1F700A038AF /* PostgreSQLAdaptorTests */,
			);
			path = Tests;
			sourceTree = "<group>";
		};
		E8D279711E5505D100453BBE /* Configurations */ = {
			isa = PBXGroup;
			children = (
				E8D279721E5505DE00453BBE /* Base.xcconfig */,
				E80CE0201EA181F000347D7B /* SwiftShared.xcconfig */,
			);
			name = Configurations;
			sourceTree = "<group>";
		};
		E8D95FC71E91A7AD0072FF09 /* Frameworks */ = {
			isa = PBXGroup;
			children = (
				E80CE01E1EA1811E00347D7B /* libZeeQL.dylib */,
				E8D95FC81E91A7AD0072FF09 /* libZeeQL.dylib */,
			);
			name = Frameworks;
			sourceTree = "<group>";
		};
/* End PBXGroup section */

/* Begin PBXHeadersBuildPhase section */
		E8EB94CB1E5F32360058D8D1 /* Headers */ = {
			isa = PBXHeadersBuildPhase;
			buildActionMask = 2147483647;
			files = (
			);
			runOnlyForDeploymentPostprocessing = 0;
		};
/* End PBXHeadersBuildPhase section */

/* Begin PBXNativeTarget section */
		E8DDEE261E5FA12C00EC1DD8 /* PostgreSQLAdaptorTests */ = {
			isa = PBXNativeTarget;
			buildConfigurationList = E8DDEE2F1E5FA12C00EC1DD8 /* Build configuration list for PBXNativeTarget "PostgreSQLAdaptorTests" */;
			buildPhases = (
				E8DDEE231E5FA12C00EC1DD8 /* Sources */,
				E8DDEE241E5FA12C00EC1DD8 /* Frameworks */,
				E8DDEE251E5FA12C00EC1DD8 /* Resources */,
			);
			buildRules = (
			);
			dependencies = (
				E8DDEE2E1E5FA12C00EC1DD8 /* PBXTargetDependency */,
			);
			name = PostgreSQLAdaptorTests;
			productName = APRAdaptorTests;
			productReference = E8DDEE271E5FA12C00EC1DD8 /* PostgreSQLAdaptorTests.xctest */;
			productType = "com.apple.product-type.bundle.unit-test";
		};
		E8EB94CC1E5F32360058D8D1 /* PostgreSQLAdaptor */ = {
			isa = PBXNativeTarget;
			buildConfigurationList = E8EB94CE1E5F32360058D8D1 /* Build configuration list for PBXNativeTarget "PostgreSQLAdaptor" */;
			buildPhases = (
				E8EB94C91E5F32360058D8D1 /* Sources */,
				E8EB94CA1E5F32360058D8D1 /* Frameworks */,
				E8EB94CB1E5F32360058D8D1 /* Headers */,
			);
			buildRules = (
			);
			dependencies = (
			);
			name = PostgreSQLAdaptor;
			productName = APRAdaptor;
			productReference = E8EB94CD1E5F32360058D8D1 /* libPostgreSQLAdaptor.dylib */;
			productType = "com.apple.product-type.library.dynamic";
		};
/* End PBXNativeTarget section */

/* Begin PBXProject section */
		E8D2794B1E5504FA00453BBE /* Project object */ = {
			isa = PBXProject;
			attributes = {
				LastSwiftUpdateCheck = 0820;
				LastUpgradeCheck = 1100;
				ORGANIZATIONNAME = "ZeeZide GmbH";
				TargetAttributes = {
					E8DDEE261E5FA12C00EC1DD8 = {
						CreatedOnToolsVersion = 8.2.1;
						ProvisioningStyle = Automatic;
					};
					E8EB94CC1E5F32360058D8D1 = {
						CreatedOnToolsVersion = 8.2.1;
						LastSwiftMigration = 0900;
						ProvisioningStyle = Automatic;
					};
				};
			};
			buildConfigurationList = E8D2794E1E5504FA00453BBE /* Build configuration list for PBXProject "ZeeQL3PG" */;
			compatibilityVersion = "Xcode 3.2";
			developmentRegion = en;
			hasScannedForEncodings = 0;
			knownRegions = (
				en,
				Base,
			);
			mainGroup = E8D2794A1E5504FA00453BBE;
			productRefGroup = E8D279541E5504FA00453BBE /* Products */;
			projectDirPath = "";
			projectRoot = "";
			targets = (
				E8EB94CC1E5F32360058D8D1 /* PostgreSQLAdaptor */,
				E8DDEE261E5FA12C00EC1DD8 /* PostgreSQLAdaptorTests */,
			);
		};
/* End PBXProject section */

/* Begin PBXResourcesBuildPhase section */
		E8DDEE251E5FA12C00EC1DD8 /* Resources */ = {
			isa = PBXResourcesBuildPhase;
			buildActionMask = 2147483647;
			files = (
			);
			runOnlyForDeploymentPostprocessing = 0;
		};
/* End PBXResourcesBuildPhase section */

/* Begin PBXSourcesBuildPhase section */
		E8DDEE231E5FA12C00EC1DD8 /* Sources */ = {
			isa = PBXSourcesBuildPhase;
			buildActionMask = 2147483647;
			files = (
				E870FC441E9BA1F700A038AF /* PostgreSQLSQLExpressionTests.swift in Sources */,
				E80CE0221EA1871900347D7B /* PostgreSQLModelTests.swift in Sources */,
				E8A8350B1ECDCF6D00CCDD82 /* PostgreSQLActiveRecordTests.swift in Sources */,
				E8A8350A1ECDCF6D00CCDD82 /* ContactsDBModel.swift in Sources */,
				E8A835071ECDCF6300CCDD82 /* AdaptorActiveRecordTestCase.swift in Sources */,
				E870FC411E9BA1F700A038AF /* AdaptorOGoTestCase.swift in Sources */,
				E870FC431E9BA1F700A038AF /* PostgreSQLAdaptorOGoTests.swift in Sources */,
			);
			runOnlyForDeploymentPostprocessing = 0;
		};
		E8EB94C91E5F32360058D8D1 /* Sources */ = {
			isa = PBXSourcesBuildPhase;
			buildActionMask = 2147483647;
			files = (
				E870FC391E9BA1E800A038AF /* PostgreSQLAdaptor.swift in Sources */,
				E870FC3B1E9BA1E800A038AF /* PostgreSQLExpression.swift in Sources */,
				E870FC6B1E9BDDFC00A038AF /* PostgreSQLOIDs.swift in Sources */,
				E870FC3A1E9BA1E800A038AF /* PostgreSQLAdaptorChannel.swift in Sources */,
				E80CE0241EA1897400347D7B /* PostgreSQLModelFetch.swift in Sources */,
			);
			runOnlyForDeploymentPostprocessing = 0;
		};
/* End PBXSourcesBuildPhase section */

/* Begin PBXTargetDependency section */
		E8DDEE2E1E5FA12C00EC1DD8 /* PBXTargetDependency */ = {
			isa = PBXTargetDependency;
			target = E8EB94CC1E5F32360058D8D1 /* PostgreSQLAdaptor */;
			targetProxy = E8DDEE2D1E5FA12C00EC1DD8 /* PBXContainerItemProxy */;
		};
/* End PBXTargetDependency section */

/* Begin XCBuildConfiguration section */
		E8D279551E5504FA00453BBE /* Debug */ = {
			isa = XCBuildConfiguration;
			baseConfigurationReference = E8D279721E5505DE00453BBE /* Base.xcconfig */;
			buildSettings = {
				CLANG_CXX_LANGUAGE_STANDARD = "gnu++0x";
				CLANG_CXX_LIBRARY = "libc++";
				CLANG_WARN_DEPRECATED_OBJC_IMPLEMENTATIONS = YES;
				CLANG_WARN_OBJC_IMPLICIT_RETAIN_SELF = YES;
				CODE_SIGN_IDENTITY = "-";
				COPY_PHASE_STRIP = NO;
				DEBUG_INFORMATION_FORMAT = dwarf;
				ENABLE_TESTABILITY = YES;
				GCC_DYNAMIC_NO_PIC = NO;
				GCC_OPTIMIZATION_LEVEL = 0;
				GCC_PREPROCESSOR_DEFINITIONS = (
					"DEBUG=1",
					"$(inherited)",
				);
				MACOSX_DEPLOYMENT_TARGET = 10.11;
				MTL_ENABLE_DEBUG_INFO = YES;
				ONLY_ACTIVE_ARCH = YES;
				REEXPORTED_LIBRARY_PATHS = "";
			};
			name = Debug;
		};
		E8D279561E5504FA00453BBE /* Release */ = {
			isa = XCBuildConfiguration;
			baseConfigurationReference = E8D279721E5505DE00453BBE /* Base.xcconfig */;
			buildSettings = {
				CLANG_CXX_LANGUAGE_STANDARD = "gnu++0x";
				CLANG_CXX_LIBRARY = "libc++";
				CLANG_WARN_DEPRECATED_OBJC_IMPLEMENTATIONS = YES;
				CLANG_WARN_OBJC_IMPLICIT_RETAIN_SELF = YES;
				CODE_SIGN_IDENTITY = "-";
				COPY_PHASE_STRIP = NO;
				DEBUG_INFORMATION_FORMAT = "dwarf-with-dsym";
				ENABLE_NS_ASSERTIONS = NO;
				MACOSX_DEPLOYMENT_TARGET = 10.11;
				MTL_ENABLE_DEBUG_INFO = NO;
				REEXPORTED_LIBRARY_PATHS = "";
				SWIFT_OPTIMIZATION_LEVEL = "-Owholemodule";
			};
			name = Release;
		};
		E8DDEE301E5FA12C00EC1DD8 /* Debug */ = {
			isa = XCBuildConfiguration;
			baseConfigurationReference = E80CE0201EA181F000347D7B /* SwiftShared.xcconfig */;
			buildSettings = {
				ALWAYS_EMBED_SWIFT_STANDARD_LIBRARIES = YES;
				COMBINE_HIDPI_IMAGES = YES;
				INFOPLIST_FILE = Tests/PostgreSQLAdaptorTests/Info.plist;
				MACOSX_DEPLOYMENT_TARGET = 10.12;
				PRODUCT_BUNDLE_IDENTIFIER = de.zeezide.zeeql.APRAdaptorTests;
				PRODUCT_NAME = "$(TARGET_NAME)";
				SWIFT_ACTIVE_COMPILATION_CONDITIONS = DEBUG;
			};
			name = Debug;
		};
		E8DDEE311E5FA12C00EC1DD8 /* Release */ = {
			isa = XCBuildConfiguration;
			baseConfigurationReference = E80CE0201EA181F000347D7B /* SwiftShared.xcconfig */;
			buildSettings = {
				ALWAYS_EMBED_SWIFT_STANDARD_LIBRARIES = YES;
				COMBINE_HIDPI_IMAGES = YES;
				INFOPLIST_FILE = Tests/PostgreSQLAdaptorTests/Info.plist;
				MACOSX_DEPLOYMENT_TARGET = 10.12;
				PRODUCT_BUNDLE_IDENTIFIER = de.zeezide.zeeql.APRAdaptorTests;
				PRODUCT_NAME = "$(TARGET_NAME)";
			};
			name = Release;
		};
		E8EB94CF1E5F32360058D8D1 /* Debug */ = {
			isa = XCBuildConfiguration;
			baseConfigurationReference = E80CE0201EA181F000347D7B /* SwiftShared.xcconfig */;
			buildSettings = {
				CLANG_ENABLE_MODULES = YES;
				DYLIB_COMPATIBILITY_VERSION = 1;
				DYLIB_CURRENT_VERSION = 1;
				EXECUTABLE_PREFIX = lib;
				PRODUCT_NAME = "$(TARGET_NAME)";
			};
			name = Debug;
		};
		E8EB94D01E5F32360058D8D1 /* Release */ = {
			isa = XCBuildConfiguration;
			baseConfigurationReference = E80CE0201EA181F000347D7B /* SwiftShared.xcconfig */;
			buildSettings = {
				CLANG_ENABLE_MODULES = YES;
				DYLIB_COMPATIBILITY_VERSION = 1;
				DYLIB_CURRENT_VERSION = 1;
				EXECUTABLE_PREFIX = lib;
				PRODUCT_NAME = "$(TARGET_NAME)";
			};
			name = Release;
		};
/* End XCBuildConfiguration section */

/* Begin XCConfigurationList section */
		E8D2794E1E5504FA00453BBE /* Build configuration list for PBXProject "ZeeQL3PG" */ = {
			isa = XCConfigurationList;
			buildConfigurations = (
				E8D279551E5504FA00453BBE /* Debug */,
				E8D279561E5504FA00453BBE /* Release */,
			);
			defaultConfigurationIsVisible = 0;
			defaultConfigurationName = Release;
		};
		E8DDEE2F1E5FA12C00EC1DD8 /* Build configuration list for PBXNativeTarget "PostgreSQLAdaptorTests" */ = {
			isa = XCConfigurationList;
			buildConfigurations = (
				E8DDEE301E5FA12C00EC1DD8 /* Debug */,
				E8DDEE311E5FA12C00EC1DD8 /* Release */,
			);
			defaultConfigurationIsVisible = 0;
			defaultConfigurationName = Release;
		};
		E8EB94CE1E5F32360058D8D1 /* Build configuration list for PBXNativeTarget "PostgreSQLAdaptor" */ = {
			isa = XCConfigurationList;
			buildConfigurations = (
				E8EB94CF1E5F32360058D8D1 /* Debug */,
				E8EB94D01E5F32360058D8D1 /* Release */,
			);
			defaultConfigurationIsVisible = 0;
			defaultConfigurationName = Release;
		};
/* End XCConfigurationList section */
	};
	rootObject = E8D2794B1E5504FA00453BBE /* Project object */;
}
